# This file is automatically @generated by Cargo.
# It is not intended for manual editing.
version = 4

[[package]]
name = "quickvib"
version = "1.0.0"

[[package]]
name = "quickvib-core"
version = "1.0.0"

[[package]]
name = "quickvib-device"
version = "1.0.0"

[[package]]
name = "quickvib-engine"
version = "1.0.0"

[[package]]
name = "quickvib-m300"
version = "1.0.0"

[[package]]
name = "quickvib-measure"
version = "1.0.0"

[[package]]
name = "quickvib-project"
version = "1.0.0"

[[package]]
name = "quickvib-scpi"
version = "1.0.0"

[[package]]
name = "quickvib-testkit"
version = "1.0.0"
